<?xml version="1.0" encoding="utf-8"?>
<Project ToolsVersion="4.0" xmlns="http://schemas.microsoft.com/developer/msbuild/2003">
  <ItemGroup>
    <Filter Include="소스 파일">
      <UniqueIdentifier>{4FC737F1-C7A5-4376-A066-2A32D752A2FF}</UniqueIdentifier>
      <Extensions>cpp;c;cc;cxx;def;odl;idl;hpj;bat;asm;asmx</Extensions>
    </Filter>
    <Filter Include="헤더 파일">
      <UniqueIdentifier>{93995380-89BD-4b04-88EB-625FBE52EBFB}</UniqueIdentifier>
      <Extensions>h;hh;hpp;hxx;hm;inl;inc;ipp;xsd</Extensions>
    </Filter>
    <Filter Include="리소스 파일">
      <UniqueIdentifier>{67DA6AB6-F800-4c08-8B7A-83BB121AAD01}</UniqueIdentifier>
      <Extensions>rc;ico;cur;bmp;dlg;rc2;rct;bin;rgs;gif;jpg;jpeg;jpe;resx;tiff;tif;png;wav;mfcribbon-ms</Extensions>
    </Filter>
    <Filter Include="소스 파일\Framework">
      <UniqueIdentifier>{eb61cc63-7d40-4abd-a6b0-3298c4e77794}</UniqueIdentifier>
    </Filter>
  </ItemGroup>
  <ItemGroup>
    <ClInclude Include="stdafx.h">
      <Filter>헤더 파일</Filter>
    </ClInclude>
    <ClInclude Include="targetver.h">
      <Filter>헤더 파일</Filter>
    </ClInclude>
    <ClInclude Include="Resource.h">
      <Filter>헤더 파일</Filter>
    </ClInclude>
    <ClInclude Include="PrevTestLab_Win32.h">
      <Filter>헤더 파일</Filter>
    </ClInclude>
    <ClInclude Include="C2DMatrix.h">
      <Filter>소스 파일\Framework</Filter>
    </ClInclude>
    <ClInclude Include="CGameCmd.h">
      <Filter>소스 파일\Framework</Filter>
    </ClInclude>
    <ClInclude Include="CGameComponent.h">
      <Filter>소스 파일\Framework</Filter>
    </ClInclude>
    <ClInclude Include="CGameFramework.h">
      <Filter>소스 파일\Framework</Filter>
    </ClInclude>
    <ClInclude Include="CGameMessageDispatcher.h">
      <Filter>소스 파일\Framework</Filter>
    </ClInclude>
    <ClInclude Include="CGameObject.h">
      <Filter>소스 파일\Framework</Filter>
    </ClInclude>
    <ClInclude Include="CGameObjectManager.h">
      <Filter>소스 파일\Framework</Filter>
    </ClInclude>
    <ClInclude Include="CGameState.h">
      <Filter>소스 파일\Framework</Filter>
    </ClInclude>
    <ClInclude Include="CGameStateMachine.h">
      <Filter>소스 파일\Framework</Filter>
    </ClInclude>
    <ClInclude Include="CGameTelegram.h">
      <Filter>소스 파일\Framework</Filter>
    </ClInclude>
    <ClInclude Include="CGameTimer.h">
      <Filter>소스 파일\Framework</Filter>
    </ClInclude>
    <ClInclude Include="CGameWorld.h">
      <Filter>소스 파일\Framework</Filter>
    </ClInclude>
    <ClInclude Include="CMathUtil.h">
      <Filter>소스 파일\Framework</Filter>
    </ClInclude>
    <ClInclude Include="CPhysicsComponent.h">
      <Filter>소스 파일\Framework</Filter>
    </ClInclude>
    <ClInclude Include="CSteeringBehaviors.h">
      <Filter>소스 파일\Framework</Filter>
    </ClInclude>
    <ClInclude Include="CTestFramework.h">
      <Filter>소스 파일\Framework</Filter>
    </ClInclude>
    <ClInclude Include="CTestPerson.h">
      <Filter>소스 파일\Framework</Filter>
    </ClInclude>
    <ClInclude Include="CTestPersonStates.h">
      <Filter>소스 파일\Framework</Filter>
    </ClInclude>
    <ClInclude Include="CTransformComponent.h">
      <Filter>소스 파일\Framework</Filter>
    </ClInclude>
    <ClInclude Include="CUtil.h">
      <Filter>소스 파일\Framework</Filter>
    </ClInclude>
    <ClInclude Include="CVector2D.h">
      <Filter>소스 파일\Framework</Filter>
    </ClInclude>
    <ClInclude Include="CVehicle.h">
      <Filter>소스 파일\Framework</Filter>
    </ClInclude>
    <ClInclude Include="CWindowsUtil.h">
      <Filter>소스 파일\Framework</Filter>
    </ClInclude>
    <ClInclude Include="CCommonUtil.h">
      <Filter>소스 파일\Framework</Filter>
    </ClInclude>
    <ClInclude Include="CWall2D.h">
      <Filter>소스 파일\Framework</Filter>
    </ClInclude>
    <ClInclude Include="CWin32GDI.h">
      <Filter>소스 파일\Framework</Filter>
    </ClInclude>
    <ClInclude Include="CWIn32RenderComponent.h">
      <Filter>소스 파일\Framework</Filter>
    </ClInclude>
    <ClInclude Include="CGeometryGenerator.h">
      <Filter>소스 파일\Framework</Filter>
    </ClInclude>
    <ClInclude Include="CRenderComponent.h">
      <Filter>소스 파일\Framework</Filter>
    </ClInclude>
    <ClInclude Include="CAudioComponent.h">
      <Filter>소스 파일\Framework</Filter>
    </ClInclude>
    <ClInclude Include="CFMOD.h">
      <Filter>소스 파일\Framework</Filter>
    </ClInclude>
    <ClInclude Include="CGameMesh.h">
      <Filter>소스 파일\Framework</Filter>
    </ClInclude>
    <ClInclude Include="CIniFileLoaderBase.h">
      <Filter>소스 파일\Framework</Filter>
    </ClInclude>
    <ClInclude Include="CObjectFuncTemplates.h">
      <Filter>소스 파일\Framework</Filter>
    </ClInclude>
    <ClInclude Include="CVehicleParamLoader.h">
      <Filter>소스 파일\Framework</Filter>
    </ClInclude>
    <ClInclude Include="CPath2D.h">
      <Filter>헤더 파일</Filter>
    </ClInclude>
    <ClInclude Include="CCellSpacePartition.h">
      <Filter>헤더 파일</Filter>
    </ClInclude>
    <ClInclude Include="CInvertedAABBox2D.h">
      <Filter>헤더 파일</Filter>
    </ClInclude>
    <ClInclude Include="CSmoother.h">
      <Filter>헤더 파일</Filter>
    </ClInclude>
  </ItemGroup>
  <ItemGroup>
    <ClCompile Include="stdafx.cpp">
      <Filter>소스 파일</Filter>
    </ClCompile>
    <ClCompile Include="PrevTestLab_Win32.cpp">
      <Filter>소스 파일</Filter>
    </ClCompile>
    <ClCompile Include="C2DMatrix.cpp">
      <Filter>소스 파일\Framework</Filter>
    </ClCompile>
    <ClCompile Include="CGameCmd.cpp">
      <Filter>소스 파일\Framework</Filter>
    </ClCompile>
    <ClCompile Include="CGameComponent.cpp">
      <Filter>소스 파일\Framework</Filter>
    </ClCompile>
    <ClCompile Include="CGameFramework.cpp">
      <Filter>소스 파일\Framework</Filter>
    </ClCompile>
    <ClCompile Include="CGameMessageDispatcher.cpp">
      <Filter>소스 파일\Framework</Filter>
    </ClCompile>
    <ClCompile Include="CGameObject.cpp">
      <Filter>소스 파일\Framework</Filter>
    </ClCompile>
    <ClCompile Include="CGameObjectManager.cpp">
      <Filter>소스 파일\Framework</Filter>
    </ClCompile>
    <ClCompile Include="CGameState.cpp">
      <Filter>소스 파일\Framework</Filter>
    </ClCompile>
    <ClCompile Include="CGameStateMachine.cpp">
      <Filter>소스 파일\Framework</Filter>
    </ClCompile>
    <ClCompile Include="CGameTelegram.cpp">
      <Filter>소스 파일\Framework</Filter>
    </ClCompile>
    <ClCompile Include="CGameTimer.cpp">
      <Filter>소스 파일\Framework</Filter>
    </ClCompile>
    <ClCompile Include="CGameWorld.cpp">
      <Filter>소스 파일\Framework</Filter>
    </ClCompile>
    <ClCompile Include="CMathUtil.cpp">
      <Filter>소스 파일\Framework</Filter>
    </ClCompile>
    <ClCompile Include="CPhysicsComponent.cpp">
      <Filter>소스 파일\Framework</Filter>
    </ClCompile>
    <ClCompile Include="CSteeringBehaviors.cpp">
      <Filter>소스 파일\Framework</Filter>
    </ClCompile>
    <ClCompile Include="CTestFramework.cpp">
      <Filter>소스 파일\Framework</Filter>
    </ClCompile>
    <ClCompile Include="CTestPerson.cpp">
      <Filter>소스 파일\Framework</Filter>
    </ClCompile>
    <ClCompile Include="CTestPersonStates.cpp">
      <Filter>소스 파일\Framework</Filter>
    </ClCompile>
    <ClCompile Include="CTransformComponent.cpp">
      <Filter>소스 파일\Framework</Filter>
    </ClCompile>
    <ClCompile Include="CUtil.cpp">
      <Filter>소스 파일\Framework</Filter>
    </ClCompile>
    <ClCompile Include="CVector2D.cpp">
      <Filter>소스 파일\Framework</Filter>
    </ClCompile>
    <ClCompile Include="CVehicle.cpp">
      <Filter>소스 파일\Framework</Filter>
    </ClCompile>
    <ClCompile Include="CWindowsUtil.cpp">
      <Filter>소스 파일\Framework</Filter>
    </ClCompile>
    <ClCompile Include="main_DOS.cpp">
      <Filter>소스 파일</Filter>
    </ClCompile>
    <ClCompile Include="main_WINDOWS.cpp">
      <Filter>소스 파일</Filter>
    </ClCompile>
    <ClCompile Include="CCommonUtil.cpp">
      <Filter>소스 파일\Framework</Filter>
    </ClCompile>
    <ClCompile Include="CWall2D.cpp">
      <Filter>소스 파일\Framework</Filter>
    </ClCompile>
    <ClCompile Include="CWin32GDI.cpp">
      <Filter>소스 파일\Framework</Filter>
    </ClCompile>
    <ClCompile Include="CWIn32RenderComponent.cpp">
      <Filter>소스 파일\Framework</Filter>
    </ClCompile>
    <ClCompile Include="CGeometryGenerator.cpp">
      <Filter>소스 파일\Framework</Filter>
    </ClCompile>
    <ClCompile Include="CRenderComponent.cpp">
      <Filter>소스 파일\Framework</Filter>
    </ClCompile>
    <ClCompile Include="CAudioComponent.cpp">
      <Filter>소스 파일\Framework</Filter>
    </ClCompile>
    <ClCompile Include="CFMOD.cpp">
      <Filter>소스 파일\Framework</Filter>
    </ClCompile>
    <ClCompile Include="CGameMesh.cpp">
      <Filter>소스 파일\Framework</Filter>
    </ClCompile>
    <ClCompile Include="CIniFileLoaderBase.cpp">
      <Filter>소스 파일\Framework</Filter>
    </ClCompile>
    <ClCompile Include="CObjectFuncTemplates.cpp">
      <Filter>소스 파일\Framework</Filter>
    </ClCompile>
    <ClCompile Include="CVehicleParamLoader.cpp">
      <Filter>소스 파일\Framework</Filter>
    </ClCompile>
    <ClCompile Include="CPath2D.cpp">
      <Filter>소스 파일</Filter>
    </ClCompile>
    <ClCompile Include="CCellSpacePartition.cpp">
      <Filter>소스 파일</Filter>
    </ClCompile>
    <ClCompile Include="CInvertedAABBox2D.cpp">
      <Filter>소스 파일</Filter>
    </ClCompile>
    <ClCompile Include="CSmoother.cpp">
      <Filter>소스 파일</Filter>
    </ClCompile>
  </ItemGroup>
  <ItemGroup>
    <ResourceCompile Include="PrevTestLab_Win32.rc">
      <Filter>리소스 파일</Filter>
    </ResourceCompile>
  </ItemGroup>
  <ItemGroup>
    <Image Include="small.ico">
      <Filter>리소스 파일</Filter>
    </Image>
    <Image Include="PrevTestLab_Win32.ico">
      <Filter>리소스 파일</Filter>
    </Image>
  </ItemGroup>
</Project>