<?xml version="1.0" encoding="utf-8"?>
<Project ToolsVersion="4.0" xmlns="http://schemas.microsoft.com/developer/msbuild/2003">
  <ItemGroup>
    <Filter Include="소스 파일">
      <UniqueIdentifier>{4FC737F1-C7A5-4376-A066-2A32D752A2FF}</UniqueIdentifier>
      <Extensions>cpp;c;cc;cxx;def;odl;idl;hpj;bat;asm;asmx</Extensions>
    </Filter>
    <Filter Include="헤더 파일">
      <UniqueIdentifier>{93995380-89BD-4b04-88EB-625FBE52EBFB}</UniqueIdentifier>
      <Extensions>h;hh;hpp;hxx;hm;inl;inc;ipp;xsd</Extensions>
    </Filter>
    <Filter Include="리소스 파일">
      <UniqueIdentifier>{67DA6AB6-F800-4c08-8B7A-83BB121AAD01}</UniqueIdentifier>
      <Extensions>rc;ico;cur;bmp;dlg;rc2;rct;bin;rgs;gif;jpg;jpeg;jpe;resx;tiff;tif;png;wav;mfcribbon-ms</Extensions>
    </Filter>
    <Filter Include="소스 파일\Framework">
      <UniqueIdentifier>{810c702e-05ca-48ef-97ba-8e7a18128ba3}</UniqueIdentifier>
    </Filter>
    <Filter Include="소스 파일\Framework\Command">
      <UniqueIdentifier>{e7e939b7-638f-4740-8d82-42274420f1b6}</UniqueIdentifier>
    </Filter>
    <Filter Include="소스 파일\Framework\Component">
      <UniqueIdentifier>{9a724059-a135-43ed-8a87-1af35aee4aca}</UniqueIdentifier>
    </Filter>
    <Filter Include="소스 파일\Framework\Component\Abstract">
      <UniqueIdentifier>{83b789d4-29b2-48a6-9183-149f4cb323c0}</UniqueIdentifier>
    </Filter>
    <Filter Include="소스 파일\App">
      <UniqueIdentifier>{8d71c213-3ff2-4173-b129-df9b18a1859c}</UniqueIdentifier>
    </Filter>
    <Filter Include="소스 파일\App\States">
      <UniqueIdentifier>{694a3d0b-dfa5-466b-b9b9-f85c377645f3}</UniqueIdentifier>
    </Filter>
    <Filter Include="소스 파일\App\Object">
      <UniqueIdentifier>{1638753e-365b-46fe-93d5-2707c315f103}</UniqueIdentifier>
    </Filter>
    <Filter Include="소스 파일\Framework\Component\TelegramSystem">
      <UniqueIdentifier>{f6d4cb34-aa1c-4e21-9bf2-49344b9bc040}</UniqueIdentifier>
    </Filter>
    <Filter Include="소스 파일\Framework\Component\Child">
      <UniqueIdentifier>{19816bad-1b35-429d-bab1-b7ddd38aef1f}</UniqueIdentifier>
    </Filter>
    <Filter Include="소스 파일\Framework\Util">
      <UniqueIdentifier>{549a08d8-a6a7-4c7c-adbe-31d2f913862e}</UniqueIdentifier>
    </Filter>
    <Filter Include="소스 파일\Framework\Util\MathUtil">
      <UniqueIdentifier>{bc1c0424-6815-42c1-9061-e7db53af785a}</UniqueIdentifier>
    </Filter>
    <Filter Include="소스 파일\Framework\Component\Child\ToolComponent">
      <UniqueIdentifier>{f0c8b263-2f82-4c57-8d81-986849fe4f6e}</UniqueIdentifier>
    </Filter>
    <Filter Include="소스 파일\Framework\World">
      <UniqueIdentifier>{9169b671-d751-4769-a07b-55eaacc6929f}</UniqueIdentifier>
    </Filter>
    <Filter Include="소스 파일\App\Framework">
      <UniqueIdentifier>{2fcca556-d72a-4a26-b042-fe28a64855c7}</UniqueIdentifier>
    </Filter>
    <Filter Include="소스 파일\Framework\Util\WindowsUtil">
      <UniqueIdentifier>{474f15b0-7390-4e77-b53c-cefbd38a600c}</UniqueIdentifier>
    </Filter>
  </ItemGroup>
  <ItemGroup>
    <ClCompile Include="CGameCmd.cpp">
      <Filter>소스 파일\Framework\Command</Filter>
    </ClCompile>
    <ClCompile Include="CGameTimer.cpp">
      <Filter>소스 파일\Framework</Filter>
    </ClCompile>
    <ClCompile Include="CGameFramework.cpp">
      <Filter>소스 파일\Framework</Filter>
    </ClCompile>
    <ClCompile Include="CGameComponent.cpp">
      <Filter>소스 파일\Framework\Component\Abstract</Filter>
    </ClCompile>
    <ClCompile Include="CGameObject.cpp">
      <Filter>소스 파일\Framework\Component\Abstract</Filter>
    </ClCompile>
    <ClCompile Include="CGameState.cpp">
      <Filter>소스 파일\Framework\Component\Abstract</Filter>
    </ClCompile>
    <ClCompile Include="CGameStateMachine.cpp">
      <Filter>소스 파일\Framework\Component\Abstract</Filter>
    </ClCompile>
    <ClCompile Include="CTestPersonStates.cpp">
      <Filter>소스 파일\App\States</Filter>
    </ClCompile>
    <ClCompile Include="CTestPerson.cpp">
      <Filter>소스 파일\App\Object</Filter>
    </ClCompile>
    <ClCompile Include="CGameTelegram.cpp">
      <Filter>소스 파일\Framework\Component\TelegramSystem</Filter>
    </ClCompile>
    <ClCompile Include="CGameMessageDispatcher.cpp">
      <Filter>소스 파일\Framework\Component\TelegramSystem</Filter>
    </ClCompile>
    <ClCompile Include="CGameObjectManager.cpp">
      <Filter>소스 파일\Framework\Component\Abstract</Filter>
    </ClCompile>
    <ClCompile Include="CPhysicsComponent.cpp">
      <Filter>소스 파일\Framework\Component\Child</Filter>
    </ClCompile>
    <ClCompile Include="CTransformComponent.cpp">
      <Filter>소스 파일\Framework\Component\Child</Filter>
    </ClCompile>
    <ClCompile Include="CVector2D.cpp">
      <Filter>소스 파일\Framework\Util\MathUtil</Filter>
    </ClCompile>
    <ClCompile Include="CUtil.cpp">
      <Filter>소스 파일\Framework\Util</Filter>
    </ClCompile>
    <ClCompile Include="CMathUtil.cpp">
      <Filter>소스 파일\Framework\Util\MathUtil</Filter>
    </ClCompile>
    <ClCompile Include="C2DMatrix.cpp">
      <Filter>소스 파일\Framework\Util\MathUtil</Filter>
    </ClCompile>
    <ClCompile Include="CGameWorld.cpp">
      <Filter>소스 파일\Framework\World</Filter>
    </ClCompile>
    <ClCompile Include="CVehicle.cpp">
      <Filter>소스 파일\Framework\Component\Child\ToolComponent</Filter>
    </ClCompile>
    <ClCompile Include="CSteeringBehaviors.cpp">
      <Filter>소스 파일\Framework\Component\Child\ToolComponent</Filter>
    </ClCompile>
    <ClCompile Include="CTestFramework.cpp">
      <Filter>소스 파일\App\Framework</Filter>
    </ClCompile>
    <ClCompile Include="main_DOS.cpp">
      <Filter>소스 파일</Filter>
    </ClCompile>
    <ClCompile Include="main_WINDOWS.cpp">
      <Filter>소스 파일</Filter>
    </ClCompile>
    <ClCompile Include="CWindowsUtil.cpp">
      <Filter>소스 파일\Framework\Util\WindowsUtil</Filter>
    </ClCompile>
  </ItemGroup>
  <ItemGroup>
    <ClInclude Include="CGameCmd.h">
      <Filter>소스 파일\Framework\Command</Filter>
    </ClInclude>
    <ClInclude Include="CGameTimer.h">
      <Filter>소스 파일\Framework</Filter>
    </ClInclude>
    <ClInclude Include="CGameFramework.h">
      <Filter>소스 파일\Framework</Filter>
    </ClInclude>
    <ClInclude Include="CGameComponent.h">
      <Filter>소스 파일\Framework\Component\Abstract</Filter>
    </ClInclude>
    <ClInclude Include="CGameObject.h">
      <Filter>소스 파일\Framework\Component\Abstract</Filter>
    </ClInclude>
    <ClInclude Include="CGameState.h">
      <Filter>소스 파일\Framework\Component\Abstract</Filter>
    </ClInclude>
    <ClInclude Include="CGameStateMachine.h">
      <Filter>소스 파일\Framework\Component\Abstract</Filter>
    </ClInclude>
    <ClInclude Include="CTestPersonStates.h">
      <Filter>소스 파일\App\States</Filter>
    </ClInclude>
    <ClInclude Include="CTestPerson.h">
      <Filter>소스 파일\App\Object</Filter>
    </ClInclude>
    <ClInclude Include="CGameTelegram.h">
      <Filter>소스 파일\Framework\Component\TelegramSystem</Filter>
    </ClInclude>
    <ClInclude Include="CGameMessageDispatcher.h">
      <Filter>소스 파일\Framework\Component\TelegramSystem</Filter>
    </ClInclude>
    <ClInclude Include="CGameObjectManager.h">
      <Filter>소스 파일\Framework\Component\Abstract</Filter>
    </ClInclude>
    <ClInclude Include="CPhysicsComponent.h">
      <Filter>소스 파일\Framework\Component\Child</Filter>
    </ClInclude>
    <ClInclude Include="CTransformComponent.h">
      <Filter>소스 파일\Framework\Component\Child</Filter>
    </ClInclude>
    <ClInclude Include="CVector2D.h">
      <Filter>소스 파일\Framework\Util\MathUtil</Filter>
    </ClInclude>
    <ClInclude Include="CUtil.h">
      <Filter>소스 파일\Framework\Util</Filter>
    </ClInclude>
    <ClInclude Include="CMathUtil.h">
      <Filter>소스 파일\Framework\Util\MathUtil</Filter>
    </ClInclude>
    <ClInclude Include="C2DMatrix.h">
      <Filter>소스 파일\Framework\Util\MathUtil</Filter>
    </ClInclude>
    <ClInclude Include="CGameWorld.h">
      <Filter>소스 파일\Framework\World</Filter>
    </ClInclude>
    <ClInclude Include="CVehicle.h">
      <Filter>소스 파일\Framework\Component\Child\ToolComponent</Filter>
    </ClInclude>
    <ClInclude Include="CSteeringBehaviors.h">
      <Filter>소스 파일\Framework\Component\Child\ToolComponent</Filter>
    </ClInclude>
    <ClInclude Include="CTestFramework.h">
      <Filter>소스 파일\App\Framework</Filter>
    </ClInclude>
    <ClInclude Include="CWindowsUtil.h">
      <Filter>소스 파일\Framework\Util\WindowsUtil</Filter>
    </ClInclude>
  </ItemGroup>
</Project>